
Microsoft Visual Studio Solution File, Format Version 12.00
# Visual Studio Version 17
VisualStudioVersion = 17.6.33617.297
MinimumVisualStudioVersion = 10.0.40219.1
Project("{9A19103F-16F7-4668-BE54-9A1E7A4F7556}") = "MQTTnet.Client.Extensions", "MQTTnet.Client.Extensions\MQTTnet.Client.Extensions.csproj", "{C6592B61-040F-4E16-A22C-B47B62831DA5}"
EndProject
Project("{9A19103F-16F7-4668-BE54-9A1E7A4F7556}") = "MQTTnet.Client.Extensions.Tests", "MQTTnet.Client.Extensions.Tests\MQTTnet.Client.Extensions.Tests.csproj", "{284B9DC7-9B95-4C49-8353-D1FCB627F158}"
EndProject
Global
	GlobalSection(SolutionConfigurationPlatforms) = preSolution
		Debug|Any CPU = Debug|Any CPU
		Release|Any CPU = Release|Any CPU
	EndGlobalSection
	GlobalSection(ProjectConfigurationPlatforms) = postSolution
		{C6592B61-040F-4E16-A22C-B47B62831DA5}.Debug|Any CPU.ActiveCfg = Debug|Any CPU
		{C6592B61-040F-4E16-A22C-B47B62831DA5}.Debug|Any CPU.Build.0 = Debug|Any CPU
		{C6592B61-040F-4E16-A22C-B47B62831DA5}.Release|Any CPU.ActiveCfg = Release|Any CPU
		{C6592B61-040F-4E16-A22C-B47B62831DA5}.Release|Any CPU.Build.0 = Release|Any CPU
		{284B9DC7-9B95-4C49-8353-D1FCB627F158}.Debug|Any CPU.ActiveCfg = Debug|Any CPU
		{284B9DC7-9B95-4C49-8353-D1FCB627F158}.Debug|Any CPU.Build.0 = Debug|Any CPU
		{284B9DC7-9B95-4C49-8353-D1FCB627F158}.Release|Any CPU.ActiveCfg = Release|Any CPU
		{284B9DC7-9B95-4C49-8353-D1FCB627F158}.Release|Any CPU.Build.0 = Release|Any CPU
	EndGlobalSection
	GlobalSection(SolutionProperties) = preSolution
		HideSolutionNode = FALSE
	EndGlobalSection
	GlobalSection(ExtensibilityGlobals) = postSolution
		SolutionGuid = {D50B09C2-B9D8-49FC-8D00-5F3C7BEC3369}
	EndGlobalSection
EndGlobal
