
Microsoft Visual Studio Solution File, Format Version 12.00
# Visual Studio Version 17
VisualStudioVersion = 17.0.31903.59
MinimumVisualStudioVersion = 10.0.40219.1
Project("{FAE04EC0-301F-11D3-BF4B-00C04F79EFBC}") = "jwt_authentication", "jwt_authentication\jwt_authentication.csproj", "{64CD6647-A322-4F5C-AFD1-3B657CE65FA5}"
EndProject
Global
	GlobalSection(SolutionConfigurationPlatforms) = preSolution
		Debug|Any CPU = Debug|Any CPU
		Release|Any CPU = Release|Any CPU
	EndGlobalSection
	GlobalSection(ProjectConfigurationPlatforms) = postSolution
		{64CD6647-A322-4F5C-AFD1-3B657CE65FA5}.Debug|Any CPU.ActiveCfg = Debug|Any CPU
		{64CD6647-A322-4F5C-AFD1-3B657CE65FA5}.Debug|Any CPU.Build.0 = Debug|Any CPU
		{64CD6647-A322-4F5C-AFD1-3B657CE65FA5}.Release|Any CPU.ActiveCfg = Release|Any CPU
		{64CD6647-A322-4F5C-AFD1-3B657CE65FA5}.Release|Any CPU.Build.0 = Release|Any CPU
	EndGlobalSection
	GlobalSection(SolutionProperties) = preSolution
		HideSolutionNode = FALSE
	EndGlobalSection
	GlobalSection(ExtensibilityGlobals) = postSolution
		SolutionGuid = {7A2246F6-BDDC-4173-AD14-FD2DC0F879D0}
	EndGlobalSection
EndGlobal
