
Microsoft Visual Studio Solution File, Format Version 12.00
# Visual Studio Version 17
VisualStudioVersion = 17.6.33606.364
MinimumVisualStudioVersion = 10.0.40219.1
Project("{9A19103F-16F7-4668-BE54-9A1E7A4F7556}") = "getting_started", "getting_started\getting_started.csproj", "{8E310678-B26A-430C-81CF-FF442F3DFD40}"
EndProject
Project("{9A19103F-16F7-4668-BE54-9A1E7A4F7556}") = "MQTTnet.Client.Extensions", "..\..\..\mqttclients\dotnet\MQTTnet.Client.Extensions\MQTTnet.Client.Extensions.csproj", "{068A6527-E6DA-40D9-B58C-05B9CF762F33}"
EndProject
Global
	GlobalSection(SolutionConfigurationPlatforms) = preSolution
		Debug|Any CPU = Debug|Any CPU
		Release|Any CPU = Release|Any CPU
	EndGlobalSection
	GlobalSection(ProjectConfigurationPlatforms) = postSolution
		{8E310678-B26A-430C-81CF-FF442F3DFD40}.Debug|Any CPU.ActiveCfg = Debug|Any CPU
		{8E310678-B26A-430C-81CF-FF442F3DFD40}.Debug|Any CPU.Build.0 = Debug|Any CPU
		{8E310678-B26A-430C-81CF-FF442F3DFD40}.Release|Any CPU.ActiveCfg = Release|Any CPU
		{8E310678-B26A-430C-81CF-FF442F3DFD40}.Release|Any CPU.Build.0 = Release|Any CPU
		{068A6527-E6DA-40D9-B58C-05B9CF762F33}.Debug|Any CPU.ActiveCfg = Debug|Any CPU
		{068A6527-E6DA-40D9-B58C-05B9CF762F33}.Debug|Any CPU.Build.0 = Debug|Any CPU
		{068A6527-E6DA-40D9-B58C-05B9CF762F33}.Release|Any CPU.ActiveCfg = Release|Any CPU
		{068A6527-E6DA-40D9-B58C-05B9CF762F33}.Release|Any CPU.Build.0 = Release|Any CPU
	EndGlobalSection
	GlobalSection(SolutionProperties) = preSolution
		HideSolutionNode = FALSE
	EndGlobalSection
	GlobalSection(ExtensibilityGlobals) = postSolution
		SolutionGuid = {8C294B22-C5F3-4728-AEDB-B01785DD83D1}
	EndGlobalSection
EndGlobal
