
Microsoft Visual Studio Solution File, Format Version 12.00
# Visual Studio Version 17
VisualStudioVersion = 17.5.33516.290
MinimumVisualStudioVersion = 10.0.40219.1
Project("{9A19103F-16F7-4668-BE54-9A1E7A4F7556}") = "MQTTnet.Client.Extensions", "..\..\..\mqttclients\dotnet\MQTTnet.Client.Extensions\MQTTnet.Client.Extensions.csproj", "{C14DFE9F-6657-458B-A736-80F4ECF33883}"
EndProject
Project("{2150E333-8FDC-42A3-9474-1A3956D46DE8}") = "Solution Items", "Solution Items", "{8CF9D098-2267-435B-8CB8-3847D5CD1551}"
EndProject
Project("{9A19103F-16F7-4668-BE54-9A1E7A4F7556}") = "control_tower", "control_tower\control_tower.csproj", "{51CCF90A-1C96-429B-B035-040DBC534D45}"
EndProject
Project("{9A19103F-16F7-4668-BE54-9A1E7A4F7556}") = "vehicle", "vehicle\vehicle.csproj", "{EC0B0201-DC57-4EAC-BB42-422073B361FE}"
EndProject
Project("{9A19103F-16F7-4668-BE54-9A1E7A4F7556}") = "alert_message", "alert_message\alert_message.csproj", "{A4E1897E-E7D3-4B65-804E-E47CE396E0F2}"
EndProject
Global
	GlobalSection(SolutionConfigurationPlatforms) = preSolution
		Debug|Any CPU = Debug|Any CPU
		Release|Any CPU = Release|Any CPU
	EndGlobalSection
	GlobalSection(ProjectConfigurationPlatforms) = postSolution
		{C14DFE9F-6657-458B-A736-80F4ECF33883}.Debug|Any CPU.ActiveCfg = Debug|Any CPU
		{C14DFE9F-6657-458B-A736-80F4ECF33883}.Debug|Any CPU.Build.0 = Debug|Any CPU
		{C14DFE9F-6657-458B-A736-80F4ECF33883}.Release|Any CPU.ActiveCfg = Release|Any CPU
		{C14DFE9F-6657-458B-A736-80F4ECF33883}.Release|Any CPU.Build.0 = Release|Any CPU
		{51CCF90A-1C96-429B-B035-040DBC534D45}.Debug|Any CPU.ActiveCfg = Debug|Any CPU
		{51CCF90A-1C96-429B-B035-040DBC534D45}.Debug|Any CPU.Build.0 = Debug|Any CPU
		{51CCF90A-1C96-429B-B035-040DBC534D45}.Release|Any CPU.ActiveCfg = Release|Any CPU
		{51CCF90A-1C96-429B-B035-040DBC534D45}.Release|Any CPU.Build.0 = Release|Any CPU
		{EC0B0201-DC57-4EAC-BB42-422073B361FE}.Debug|Any CPU.ActiveCfg = Debug|Any CPU
		{EC0B0201-DC57-4EAC-BB42-422073B361FE}.Debug|Any CPU.Build.0 = Debug|Any CPU
		{EC0B0201-DC57-4EAC-BB42-422073B361FE}.Release|Any CPU.ActiveCfg = Release|Any CPU
		{EC0B0201-DC57-4EAC-BB42-422073B361FE}.Release|Any CPU.Build.0 = Release|Any CPU
		{A4E1897E-E7D3-4B65-804E-E47CE396E0F2}.Debug|Any CPU.ActiveCfg = Debug|Any CPU
		{A4E1897E-E7D3-4B65-804E-E47CE396E0F2}.Debug|Any CPU.Build.0 = Debug|Any CPU
		{A4E1897E-E7D3-4B65-804E-E47CE396E0F2}.Release|Any CPU.ActiveCfg = Release|Any CPU
		{A4E1897E-E7D3-4B65-804E-E47CE396E0F2}.Release|Any CPU.Build.0 = Release|Any CPU
	EndGlobalSection
	GlobalSection(SolutionProperties) = preSolution
		HideSolutionNode = FALSE
	EndGlobalSection
	GlobalSection(ExtensibilityGlobals) = postSolution
		SolutionGuid = {07B8E195-2259-4EE7-B379-8A7CCC581E48}
	EndGlobalSection
EndGlobal
